
Microsoft Visual Studio Solution File, Format Version 12.00
# Visual Studio Version 16
VisualStudioVersion = 16.0.30406.169
MinimumVisualStudioVersion = 10.0.40219.1
Project("{9A19103F-16F7-4668-BE54-9A1E7A4F7556}") = "AzureCost_to_LogAnalytics", "AzureCost_to_LogAnalytics\AzureCost_to_LogAnalytics.csproj", "{BA0DAF20-69EC-4483-8040-8DF72EAB6BA3}"
EndProject
Global
	GlobalSection(SolutionConfigurationPlatforms) = preSolution
		Debug|Any CPU = Debug|Any CPU
		Release|Any CPU = Release|Any CPU
	EndGlobalSection
	GlobalSection(ProjectConfigurationPlatforms) = postSolution
		{BA0DAF20-69EC-4483-8040-8DF72EAB6BA3}.Debug|Any CPU.ActiveCfg = Debug|Any CPU
		{BA0DAF20-69EC-4483-8040-8DF72EAB6BA3}.Debug|Any CPU.Build.0 = Debug|Any CPU
		{BA0DAF20-69EC-4483-8040-8DF72EAB6BA3}.Release|Any CPU.ActiveCfg = Release|Any CPU
		{BA0DAF20-69EC-4483-8040-8DF72EAB6BA3}.Release|Any CPU.Build.0 = Release|Any CPU
	EndGlobalSection
	GlobalSection(SolutionProperties) = preSolution
		HideSolutionNode = FALSE
	EndGlobalSection
	GlobalSection(ExtensibilityGlobals) = postSolution
		SolutionGuid = {C42E4E08-12CB-4344-8E2D-7B963CA26D7B}
	EndGlobalSection
EndGlobal
